
Microsoft Visual Studio Solution File, Format Version 12.00
Project("{FAE04EC0-301F-11D3-BF4B-00C04F79EFBC}") = "Carrinho", "Carrinho\Carrinho.csproj", "{93328CAB-B85B-40EB-B9DB-C049282B815A}"
EndProject
Global
	GlobalSection(SolutionConfigurationPlatforms) = preSolution
		Debug|Any CPU = Debug|Any CPU
		Release|Any CPU = Release|Any CPU
	EndGlobalSection
	GlobalSection(ProjectConfigurationPlatforms) = postSolution
		{93328CAB-B85B-40EB-B9DB-C049282B815A}.Debug|Any CPU.ActiveCfg = Debug|Any CPU
		{93328CAB-B85B-40EB-B9DB-C049282B815A}.Debug|Any CPU.Build.0 = Debug|Any CPU
		{93328CAB-B85B-40EB-B9DB-C049282B815A}.Release|Any CPU.ActiveCfg = Release|Any CPU
		{93328CAB-B85B-40EB-B9DB-C049282B815A}.Release|Any CPU.Build.0 = Release|Any CPU
	EndGlobalSection
EndGlobal
